github.com/binarstrike/gocalc v1.0.2 h1:Q8EXp/KUOz3RNIwwhQ+HGIGqqaMi0/Ihpea8Ngqo7E8=
github.com/binarstrike/gocalc v1.0.2/go.mod h1:AIZuGOuoq9oFUGLyhmIT547ynzejMzU6arp/LDJ9cwU=
github.com/binarstrike/gocalc/v2 v2.0.1 h1:nJoF7sq5q7n28AWmivm31gTKGd7kURZiXdJ+X092ZIE=
github.com/binarstrike/gocalc/v2 v2.0.1/go.mod h1:8o2je08tZzuH8XfjL9BqX0oN3FXMazhzXCahFWD7jhc=
